PODS:
  - Alamofire (4.9.0)
  - Realm (5.3.3):
    - Realm/Headers (= 5.3.3)
  - Realm/Headers (5.3.3)
  - RealmSwift (5.3.3):
    - Realm (= 5.3.3)
  - SDWebImage (5.8.4):
    - SDWebImage/Core (= 5.8.4)
  - SDWebImage/Core (5.8.4)
  - SnapKit (4.2.0)

DEPENDENCIES:
  - Alamofire (= 4.9.0)
  - RealmSwift
  - SDWebImage
  - SnapKit (~> 4.0)

SPEC REPOS:
  trunk:
    - Alamofire
    - Realm
    - RealmSwift
    - SDWebImage
    - SnapKit

SPEC CHECKSUMS:
  Alamofire: afc3e7c6db61476cb45cdd23fed06bad03bbc321
  Realm: 2d57ea355bf8ca2a0964d6bfb38d28d7ff2addf6
  RealmSwift: 0a709536ecea30eea1d3c514f6ade2ed078dee3c
  SDWebImage: cf6922231e95550934da2ada0f20f2becf2ceba9
  SnapKit: fe8a619752f3f27075cc9a90244d75c6c3f27e2a

PODFILE CHECKSUM: 7462edcc1d8dcd2d2f8f333fd40d5c22f34a730d

COCOAPODS: 1.9.1
